
Microsoft Visual Studio Solution File, Format Version 12.00
# Visual Studio 15
VisualStudioVersion = 15.0.28010.2046
MinimumVisualStudioVersion = 10.0.40219.1
Project("{FAE04EC0-301F-11D3-BF4B-00C04F79EFBC}") = "WebApplication1", "WebApplication1\WebApplication1.csproj", "{0620C286-D1EE-48E0-AF06-6A8D4CA6B93C}"
EndProject
Global
	GlobalSection(SolutionConfigurationPlatforms) = preSolution
		Debug|Any CPU = Debug|Any CPU
		Release|Any CPU = Release|Any CPU
	EndGlobalSection
	GlobalSection(ProjectConfigurationPlatforms) = postSolution
		{0620C286-D1EE-48E0-AF06-6A8D4CA6B93C}.Debug|Any CPU.ActiveCfg = Debug|Any CPU
		{0620C286-D1EE-48E0-AF06-6A8D4CA6B93C}.Debug|Any CPU.Build.0 = Debug|Any CPU
		{0620C286-D1EE-48E0-AF06-6A8D4CA6B93C}.Release|Any CPU.ActiveCfg = Release|Any CPU
		{0620C286-D1EE-48E0-AF06-6A8D4CA6B93C}.Release|Any CPU.Build.0 = Release|Any CPU
	EndGlobalSection
	GlobalSection(SolutionProperties) = preSolution
		HideSolutionNode = FALSE
	EndGlobalSection
	GlobalSection(ExtensibilityGlobals) = postSolution
		SolutionGuid = {C0C25384-DDFB-4691-97D4-B690C6BCC437}
	EndGlobalSection
EndGlobal
