
Microsoft Visual Studio Solution File, Format Version 12.00
# Visual Studio 15
VisualStudioVersion = 15.0.28010.2046
MinimumVisualStudioVersion = 10.0.40219.1
Project("{9A19103F-16F7-4668-BE54-9A1E7A4F7556}") = "WebApplication1", "WebApplication1\WebApplication1.csproj", "{0620C286-D1EE-48E0-AF06-6A8D4CA6B93C}"
EndProject
Project("{9A19103F-16F7-4668-BE54-9A1E7A4F7556}") = "WebApi", "WebApi\WebApi.csproj", "{AF5C089A-99E7-4280-98A5-37188E03F3E0}"
EndProject
Project("{FAE04EC0-301F-11D3-BF4B-00C04F79EFBC}") = "WebApplication.Tests", "WebApplication.Tests\WebApplication.Tests.csproj", "{77B0E687-B7FE-4B05-A902-9CE088D7B26E}"
EndProject
Global
	GlobalSection(SolutionConfigurationPlatforms) = preSolution
		Debug|Any CPU = Debug|Any CPU
		Release|Any CPU = Release|Any CPU
	EndGlobalSection
	GlobalSection(ProjectConfigurationPlatforms) = postSolution
		{0620C286-D1EE-48E0-AF06-6A8D4CA6B93C}.Debug|Any CPU.ActiveCfg = Debug|Any CPU
		{0620C286-D1EE-48E0-AF06-6A8D4CA6B93C}.Debug|Any CPU.Build.0 = Debug|Any CPU
		{0620C286-D1EE-48E0-AF06-6A8D4CA6B93C}.Release|Any CPU.ActiveCfg = Release|Any CPU
		{0620C286-D1EE-48E0-AF06-6A8D4CA6B93C}.Release|Any CPU.Build.0 = Release|Any CPU
		{AF5C089A-99E7-4280-98A5-37188E03F3E0}.Debug|Any CPU.ActiveCfg = Debug|Any CPU
		{AF5C089A-99E7-4280-98A5-37188E03F3E0}.Debug|Any CPU.Build.0 = Debug|Any CPU
		{AF5C089A-99E7-4280-98A5-37188E03F3E0}.Release|Any CPU.ActiveCfg = Release|Any CPU
		{AF5C089A-99E7-4280-98A5-37188E03F3E0}.Release|Any CPU.Build.0 = Release|Any CPU
		{77B0E687-B7FE-4B05-A902-9CE088D7B26E}.Debug|Any CPU.ActiveCfg = Debug|Any CPU
		{77B0E687-B7FE-4B05-A902-9CE088D7B26E}.Debug|Any CPU.Build.0 = Debug|Any CPU
		{77B0E687-B7FE-4B05-A902-9CE088D7B26E}.Release|Any CPU.ActiveCfg = Release|Any CPU
		{77B0E687-B7FE-4B05-A902-9CE088D7B26E}.Release|Any CPU.Build.0 = Release|Any CPU
	EndGlobalSection
	GlobalSection(SolutionProperties) = preSolution
		HideSolutionNode = FALSE
	EndGlobalSection
	GlobalSection(ExtensibilityGlobals) = postSolution
		SolutionGuid = {C0C25384-DDFB-4691-97D4-B690C6BCC437}
	EndGlobalSection
EndGlobal
